
Microsoft Visual Studio Solution File, Format Version 12.00
# Visual Studio Version 17
VisualStudioVersion = 17.14.36414.22 d17.14
MinimumVisualStudioVersion = 10.0.40219.1
Project("{FAE04EC0-301F-11D3-BF4B-00C04F79EFBC}") = "GitTest", "GitTest\GitTest.csproj", "{BB16148E-4128-4A17-8594-B8C5E6FF8074}"
EndProject
Global
	GlobalSection(SolutionConfigurationPlatforms) = preSolution
		Debug|Any CPU = Debug|Any CPU
		Release|Any CPU = Release|Any CPU
	EndGlobalSection
	GlobalSection(ProjectConfigurationPlatforms) = postSolution
		{BB16148E-4128-4A17-8594-B8C5E6FF8074}.Debug|Any CPU.ActiveCfg = Debug|Any CPU
		{BB16148E-4128-4A17-8594-B8C5E6FF8074}.Debug|Any CPU.Build.0 = Debug|Any CPU
		{BB16148E-4128-4A17-8594-B8C5E6FF8074}.Release|Any CPU.ActiveCfg = Release|Any CPU
		{BB16148E-4128-4A17-8594-B8C5E6FF8074}.Release|Any CPU.Build.0 = Release|Any CPU
	EndGlobalSection
	GlobalSection(SolutionProperties) = preSolution
		HideSolutionNode = FALSE
	EndGlobalSection
	GlobalSection(ExtensibilityGlobals) = postSolution
		SolutionGuid = {A51D4FF4-8AD7-464D-8957-E4D1E8476100}
	EndGlobalSection
EndGlobal
